// !$*UTF8*$!
{
	archiveVersion = 1;
	classes = {
	};
	objectVersion = 46;
	objects = {

/* Begin PBXBuildFile section */
		1E01327A1F0B14700042A22E /* AppDelegate.swift in Sources */ = {isa = PBXBuildFile; fileRef = 1E0132791F0B14700042A22E /* AppDelegate.swift */; };
		1E01327C1F0B14700042A22E /* ViewController.swift in Sources */ = {isa = PBXBuildFile; fileRef = 1E01327B1F0B14700042A22E /* ViewController.swift */; };
		1E01327F1F0B14700042A22E /* Main.storyboard in Resources */ = {isa = PBXBuildFile; fileRef = 1E01327D1F0B14700042A22E /* Main.storyboard */; };
		1E0132811F0B14710042A22E /* Assets.xcassets in Resources */ = {isa = PBXBuildFile; fileRef = 1E0132801F0B14710042A22E /* Assets.xcassets */; };
		1E0132841F0B14710042A22E /* LaunchScreen.storyboard in Resources */ = {isa = PBXBuildFile; fileRef = 1E0132821F0B14710042A22E /* LaunchScreen.storyboard */; };
		1E01328F1F0B14710042A22E /* FoodTrackerTests.swift in Sources */ = {isa = PBXBuildFile; fileRef = 1E01328E1F0B14710042A22E /* FoodTrackerTests.swift */; };
/* End PBXBuildFile section */

/* Begin PBXContainerItemProxy section */
		1E01328B1F0B14710042A22E /* PBXContainerItemProxy */ = {
			isa = PBXContainerItemProxy;
			containerPortal = 1E01326E1F0B14700042A22E /* Project object */;
			proxyType = 1;
			remoteGlobalIDString = 1E0132751F0B14700042A22E;
			remoteInfo = FoodTracker;
		};
/* End PBXContainerItemProxy section */

/* Begin PBXFileReference section */
		1E0132761F0B14700042A22E /* FoodTracker.app */ = {isa = PBXFileReference; explicitFileType = wrapper.application; includeInIndex = 0; path = FoodTracker.app; sourceTree = BUILT_PRODUCTS_DIR; };
		1E0132791F0B14700042A22E /* AppDelegate.swift */ = {isa = PBXFileReference; lastKnownFileType = sourcecode.swift; path = AppDelegate.swift; sourceTree = "<group>"; };
		1E01327B1F0B14700042A22E /* ViewController.swift */ = {isa = PBXFileReference; lastKnownFileType = sourcecode.swift; path = ViewController.swift; sourceTree = "<group>"; };
		1E01327E1F0B14700042A22E /* Base */ = {isa = PBXFileReference; lastKnownFileType = file.storyboard; name = Base; path = Base.lproj/Main.storyboard; sourceTree = "<group>"; };
		1E0132801F0B14710042A22E /* Assets.xcassets */ = {isa = PBXFileReference; lastKnownFileType = folder.assetcatalog; path = Assets.xcassets; sourceTree = "<group>"; };
		1E0132831F0B14710042A22E /* Base */ = {isa = PBXFileReference; lastKnownFileType = file.storyboard; name = Base; path = Base.lproj/LaunchScreen.storyboard; sourceTree = "<group>"; };
		1E0132851F0B14710042A22E /* Info.plist */ = {isa = PBXFileReference; lastKnownFileType = text.plist.xml; path = Info.plist; sourceTree = "<group>"; };
		1E01328A1F0B14710042A22E /* FoodTrackerTests.xctest */ = {isa = PBXFileReference; explicitFileType = wrapper.cfbundle; includeInIndex = 0; path = FoodTrackerTests.xctest; sourceTree = BUILT_PRODUCTS_DIR; };
		1E01328E1F0B14710042A22E /* FoodTrackerTests.swift */ = {isa = PBXFileReference; lastKnownFileType = sourcecode.swift; path = FoodTrackerTests.swift; sourceTree = "<group>"; };
		1E0132901F0B14710042A22E /* Info.plist */ = {isa = PBXFileReference; lastKnownFileType = text.plist.xml; path = Info.plist; sourceTree = "<group>"; };
/* End PBXFileReference section */

/* Begin PBXFrameworksBuildPhase section */
		1E0132731F0B14700042A22E /* Frameworks */ = {
			isa = PBXFrameworksBuildPhase;
			buildActionMask = 2147483647;
			files = (
			);
			runOnlyForDeploymentPostprocessing = 0;
		};
		1E0132871F0B14710042A22E /* Frameworks */ = {
			isa = PBXFrameworksBuildPhase;
			buildActionMask = 2147483647;
			files = (
			);
			runOnlyForDeploymentPostprocessing = 0;
		};
/* End PBXFrameworksBuildPhase section */

/* Begin PBXGroup section */
		1E01326D1F0B14700042A22E = {
			isa = PBXGroup;
			children = (
				1E0132781F0B14700042A22E /* FoodTracker */,
				1E01328D1F0B14710042A22E /* FoodTrackerTests */,
				1E0132771F0B14700042A22E /* Products */,
			);
			sourceTree = "<group>";
		};
		1E0132771F0B14700042A22E /* Products */ = {
			isa = PBXGroup;
			children = (
				1E0132761F0B14700042A22E /* FoodTracker.app */,
				1E01328A1F0B14710042A22E /* FoodTrackerTests.xctest */,
			);
			name = Products;
			sourceTree = "<group>";
		};
		1E0132781F0B14700042A22E /* FoodTracker */ = {
			isa = PBXGroup;
			children = (
				1E0132791F0B14700042A22E /* AppDelegate.swift */,
				1E01327B1F0B14700042A22E /* ViewController.swift */,
				1E01327D1F0B14700042A22E /* Main.storyboard */,
				1E0132801F0B14710042A22E /* Assets.xcassets */,
				1E0132821F0B14710042A22E /* LaunchScreen.storyboard */,
				1E0132851F0B14710042A22E /* Info.plist */,
			);
			path = FoodTracker;
			sourceTree = "<group>";
		};
		1E01328D1F0B14710042A22E /* FoodTrackerTests */ = {
			isa = PBXGroup;
			children = (
				1E01328E1F0B14710042A22E /* FoodTrackerTests.swift */,
				1E0132901F0B14710042A22E /* Info.plist */,
			);
			path = FoodTrackerTests;
			sourceTree = "<group>";
		};
/* End PBXGroup section */

/* Begin PBXNativeTarget section */
		1E0132751F0B14700042A22E /* FoodTracker */ = {
			isa = PBXNativeTarget;
			buildConfigurationList = 1E0132931F0B14710042A22E /* Build configuration list for PBXNativeTarget "FoodTracker" */;
			buildPhases = (
				1E0132721F0B14700042A22E /* Sources */,
				1E0132731F0B14700042A22E /* Frameworks */,
				1E0132741F0B14700042A22E /* Resources */,
			);
			buildRules = (
			);
			dependencies = (
			);
			name = FoodTracker;
			productName = FoodTracker;
			productReference = 1E0132761F0B14700042A22E /* FoodTracker.app */;
			productType = "com.apple.product-type.application";
		};
		1E0132891F0B14710042A22E /* FoodTrackerTests */ = {
			isa = PBXNativeTarget;
			buildConfigurationList = 1E0132961F0B14710042A22E /* Build configuration list for PBXNativeTarget "FoodTrackerTests" */;
			buildPhases = (
				1E0132861F0B14710042A22E /* Sources */,
				1E0132871F0B14710042A22E /* Frameworks */,
				1E0132881F0B14710042A22E /* Resources */,
			);
			buildRules = (
			);
			dependencies = (
				1E01328C1F0B14710042A22E /* PBXTargetDependency */,
			);
			name = FoodTrackerTests;
			productName = FoodTrackerTests;
			productReference = 1E01328A1F0B14710042A22E /* FoodTrackerTests.xctest */;
			productType = "com.apple.product-type.bundle.unit-test";
		};
/* End PBXNativeTarget section */

/* Begin PBXProject section */
		1E01326E1F0B14700042A22E /* Project object */ = {
			isa = PBXProject;
			attributes = {
				LastSwiftUpdateCheck = 0830;
				LastUpgradeCheck = 0830;
				ORGANIZATIONNAME = slauriano;
				TargetAttributes = {
					1E0132751F0B14700042A22E = {
						CreatedOnToolsVersion = 8.3.1;
						DevelopmentTeam = CAVDD875S5;
						ProvisioningStyle = Automatic;
					};
					1E0132891F0B14710042A22E = {
						CreatedOnToolsVersion = 8.3.1;
						DevelopmentTeam = CAVDD875S5;
						ProvisioningStyle = Automatic;
						TestTargetID = 1E0132751F0B14700042A22E;
					};
				};
			};
			buildConfigurationList = 1E0132711F0B14700042A22E /* Build configuration list for PBXProject "FoodTracker" */;
			compatibilityVersion = "Xcode 3.2";
			developmentRegion = English;
			hasScannedForEncodings = 0;
			knownRegions = (
				en,
				Base,
			);
			mainGroup = 1E01326D1F0B14700042A22E;
			productRefGroup = 1E0132771F0B14700042A22E /* Products */;
			projectDirPath = "";
			projectRoot = "";
			targets = (
				1E0132751F0B14700042A22E /* FoodTracker */,
				1E0132891F0B14710042A22E /* FoodTrackerTests */,
			);
		};
/* End PBXProject section */

/* Begin PBXResourcesBuildPhase section */
		1E0132741F0B14700042A22E /* Resources */ = {
			isa = PBXResourcesBuildPhase;
			buildActionMask = 2147483647;
			files = (
				1E0132841F0B14710042A22E /* LaunchScreen.storyboard in Resources */,
				1E0132811F0B14710042A22E /* Assets.xcassets in Resources */,
				1E01327F1F0B14700042A22E /* Main.storyboard in Resources */,
			);
			runOnlyForDeploymentPostprocessing = 0;
		};
		1E0132881F0B14710042A22E /* Resources */ = {
			isa = PBXResourcesBuildPhase;
			buildActionMask = 2147483647;
			files = (
			);
			runOnlyForDeploymentPostprocessing = 0;
		};
/* End PBXResourcesBuildPhase section */

/* Begin PBXSourcesBuildPhase section */
		1E0132721F0B14700042A22E /* Sources */ = {
			isa = PBXSourcesBuildPhase;
			buildActionMask = 2147483647;
			files = (
				1E01327C1F0B14700042A22E /* ViewController.swift in Sources */,
				1E01327A1F0B14700042A22E /* AppDelegate.swift in Sources */,
			);
			runOnlyForDeploymentPostprocessing = 0;
		};
		1E0132861F0B14710042A22E /* Sources */ = {
			isa = PBXSourcesBuildPhase;
			buildActionMask = 2147483647;
			files = (
				1E01328F1F0B14710042A22E /* FoodTrackerTests.swift in Sources */,
			);
			runOnlyForDeploymentPostprocessing = 0;
		};
/* End PBXSourcesBuildPhase section */

/* Begin PBXTargetDependency section */
		1E01328C1F0B14710042A22E /* PBXTargetDependency */ = {
			isa = PBXTargetDependency;
			target = 1E0132751F0B14700042A22E /* FoodTracker */;
			targetProxy = 1E01328B1F0B14710042A22E /* PBXContainerItemProxy */;
		};
/* End PBXTargetDependency section */

/* Begin PBXVariantGroup section */
		1E01327D1F0B14700042A22E /* Main.storyboard */ = {
			isa = PBXVariantGroup;
			children = (
				1E01327E1F0B14700042A22E /* Base */,
			);
			name = Main.storyboard;
			sourceTree = "<group>";
		};
		1E0132821F0B14710042A22E /* LaunchScreen.storyboard */ = {
			isa = PBXVariantGroup;
			children = (
				1E0132831F0B14710042A22E /* Base */,
			);
			name = LaunchScreen.storyboard;
			sourceTree = "<group>";
		};
/* End PBXVariantGroup section */

/* Begin XCBuildConfiguration section */
		1E0132911F0B14710042A22E /* Debug */ = {
			isa = XCBuildConfiguration;
			buildSettings = {
				ALWAYS_SEARCH_USER_PATHS = NO;
				CLANG_ANALYZER_NONNULL = YES;
				CLANG_ANALYZER_NUMBER_OBJECT_CONVERSION = YES_AGGRESSIVE;
				CLANG_CXX_LANGUAGE_STANDARD = "gnu++0x";
				CLANG_CXX_LIBRARY = "libc++";
				CLANG_ENABLE_MODULES = YES;
				CLANG_ENABLE_OBJC_ARC = YES;
				CLANG_WARN_BOOL_CONVERSION = YES;
				CLANG_WARN_CONSTANT_CONVERSION = YES;
				CLANG_WARN_DIRECT_OBJC_ISA_USAGE = YES_ERROR;
				CLANG_WARN_DOCUMENTATION_COMMENTS = YES;
				CLANG_WARN_EMPTY_BODY = YES;
				CLANG_WARN_ENUM_CONVERSION = YES;
				CLANG_WARN_INFINITE_RECURSION = YES;
				CLANG_WARN_INT_CONVERSION = YES;
				CLANG_WARN_OBJC_ROOT_CLASS = YES_ERROR;
				CLANG_WARN_SUSPICIOUS_MOVE = YES;
				CLANG_WARN_UNREACHABLE_CODE = YES;
				CLANG_WARN__DUPLICATE_METHOD_MATCH = YES;
				"CODE_SIGN_IDENTITY[sdk=iphoneos*]" = "iPhone Developer";
				COPY_PHASE_STRIP = NO;
				DEBUG_INFORMATION_FORMAT = dwarf;
				ENABLE_STRICT_OBJC_MSGSEND = YES;
				ENABLE_TESTABILITY = YES;
				GCC_C_LANGUAGE_STANDARD = gnu99;
				GCC_DYNAMIC_NO_PIC = NO;
				GCC_NO_COMMON_BLOCKS = YES;
				GCC_OPTIMIZATION_LEVEL = 0;
				GCC_PREPROCESSOR_DEFINITIONS = (
					"DEBUG=1",
					"$(inherited)",
				);
				GCC_WARN_64_TO_32_BIT_CONVERSION = YES;
				GCC_WARN_ABOUT_RETURN_TYPE = YES_ERROR;
				GCC_WARN_UNDECLARED_SELECTOR = YES;
				GCC_WARN_UNINITIALIZED_AUTOS = YES_AGGRESSIVE;
				GCC_WARN_UNUSED_FUNCTION = YES;
				GCC_WARN_UNUSED_VARIABLE = YES;
				IPHONEOS_DEPLOYMENT_TARGET = 10.3;
				MTL_ENABLE_DEBUG_INFO = YES;
				ONLY_ACTIVE_ARCH = YES;
				SDKROOT = iphoneos;
				SWIFT_ACTIVE_COMPILATION_CONDITIONS = DEBUG;
				SWIFT_OPTIMIZATION_LEVEL = "-Onone";
				TARGETED_DEVICE_FAMILY = "1,2";
			};
			name = Debug;
		};
		1E0132921F0B14710042A22E /* Release */ = {
			isa = XCBuildConfiguration;
			buildSettings = {
				ALWAYS_SEARCH_USER_PATHS = NO;
				CLANG_ANALYZER_NONNULL = YES;
				CLANG_ANALYZER_NUMBER_OBJECT_CONVERSION = YES_AGGRESSIVE;
				CLANG_CXX_LANGUAGE_STANDARD = "gnu++0x";
				CLANG_CXX_LIBRARY = "libc++";
				CLANG_ENABLE_MODULES = YES;
				CLANG_ENABLE_OBJC_ARC = YES;
				CLANG_WARN_BOOL_CONVERSION = YES;
				CLANG_WARN_CONSTANT_CONVERSION = YES;
				CLANG_WARN_DIRECT_OBJC_ISA_USAGE = YES_ERROR;
				CLANG_WARN_DOCUMENTATION_COMMENTS = YES;
				CLANG_WARN_EMPTY_BODY = YES;
				CLANG_WARN_ENUM_CONVERSION = YES;
				CLANG_WARN_INFINITE_RECURSION = YES;
				CLANG_WARN_INT_CONVERSION = YES;
				CLANG_WARN_OBJC_ROOT_CLASS = YES_ERROR;
				CLANG_WARN_SUSPICIOUS_MOVE = YES;
				CLANG_WARN_UNREACHABLE_CODE = YES;
				CLANG_WARN__DUPLICATE_METHOD_MATCH = YES;
				"CODE_SIGN_IDENTITY[sdk=iphoneos*]" = "iPhone Developer";
				COPY_PHASE_STRIP = NO;
				DEBUG_INFORMATION_FORMAT = "dwarf-with-dsym";
				ENABLE_NS_ASSERTIONS = NO;
				ENABLE_STRICT_OBJC_MSGSEND = YES;
				GCC_C_LANGUAGE_STANDARD = gnu99;
				GCC_NO_COMMON_BLOCKS = YES;
				GCC_WARN_64_TO_32_BIT_CONVERSION = YES;
				GCC_WARN_ABOUT_RETURN_TYPE = YES_ERROR;
				GCC_WARN_UNDECLARED_SELECTOR = YES;
				GCC_WARN_UNINITIALIZED_AUTOS = YES_AGGRESSIVE;
				GCC_WARN_UNUSED_FUNCTION = YES;
				GCC_WARN_UNUSED_VARIABLE = YES;
				IPHONEOS_DEPLOYMENT_TARGET = 10.3;
				MTL_ENABLE_DEBUG_INFO = NO;
				SDKROOT = iphoneos;
				SWIFT_OPTIMIZATION_LEVEL = "-Owholemodule";
				TARGETED_DEVICE_FAMILY = "1,2";
				VALIDATE_PRODUCT = YES;
			};
			name = Release;
		};
		1E0132941F0B14710042A22E /* Debug */ = {
			isa = XCBuildConfiguration;
			buildSettings = {
				ASSETCATALOG_COMPILER_APPICON_NAME = AppIcon;
				DEVELOPMENT_TEAM = CAVDD875S5;
				INFOPLIST_FILE = FoodTracker/Info.plist;
				LD_RUNPATH_SEARCH_PATHS = "$(inherited) @executable_path/Frameworks";
				PRODUCT_BUNDLE_IDENTIFIER = br.com.sladev.FoodTracker;
				PRODUCT_NAME = "$(TARGET_NAME)";
				SWIFT_VERSION = 3.0;
			};
			name = Debug;
		};
		1E0132951F0B14710042A22E /* Release */ = {
			isa = XCBuildConfiguration;
			buildSettings = {
				ASSETCATALOG_COMPILER_APPICON_NAME = AppIcon;
				DEVELOPMENT_TEAM = CAVDD875S5;
				INFOPLIST_FILE = FoodTracker/Info.plist;
				LD_RUNPATH_SEARCH_PATHS = "$(inherited) @executable_path/Frameworks";
				PRODUCT_BUNDLE_IDENTIFIER = br.com.sladev.FoodTracker;
				PRODUCT_NAME = "$(TARGET_NAME)";
				SWIFT_VERSION = 3.0;
			};
			name = Release;
		};
		1E0132971F0B14710042A22E /* Debug */ = {
			isa = XCBuildConfiguration;
			buildSettings = {
				ALWAYS_EMBED_SWIFT_STANDARD_LIBRARIES = YES;
				BUNDLE_LOADER = "$(TEST_HOST)";
				DEVELOPMENT_TEAM = CAVDD875S5;
				INFOPLIST_FILE = FoodTrackerTests/Info.plist;
				LD_RUNPATH_SEARCH_PATHS = "$(inherited) @executable_path/Frameworks @loader_path/Frameworks";
				PRODUCT_BUNDLE_IDENTIFIER = br.com.sladev.FoodTrackerTests;
				PRODUCT_NAME = "$(TARGET_NAME)";
				SWIFT_VERSION = 3.0;
				TEST_HOST = "$(BUILT_PRODUCTS_DIR)/FoodTracker.app/FoodTracker";
			};
			name = Debug;
		};
		1E0132981F0B14710042A22E /* Release */ = {
			isa = XCBuildConfiguration;
			buildSettings = {
				ALWAYS_EMBED_SWIFT_STANDARD_LIBRARIES = YES;
				BUNDLE_LOADER = "$(TEST_HOST)";
				DEVELOPMENT_TEAM = CAVDD875S5;
				INFOPLIST_FILE = FoodTrackerTests/Info.plist;
				LD_RUNPATH_SEARCH_PATHS = "$(inherited) @executable_path/Frameworks @loader_path/Frameworks";
				PRODUCT_BUNDLE_IDENTIFIER = br.com.sladev.FoodTrackerTests;
				PRODUCT_NAME = "$(TARGET_NAME)";
				SWIFT_VERSION = 3.0;
				TEST_HOST = "$(BUILT_PRODUCTS_DIR)/FoodTracker.app/FoodTracker";
			};
			name = Release;
		};
/* End XCBuildConfiguration section */

/* Begin XCConfigurationList section */
		1E0132711F0B14700042A22E /* Build configuration list for PBXProject "FoodTracker" */ = {
			isa = XCConfigurationList;
			buildConfigurations = (
				1E0132911F0B14710042A22E /* Debug */,
				1E0132921F0B14710042A22E /* Release */,
			);
			defaultConfigurationIsVisible = 0;
			defaultConfigurationName = Release;
		};
		1E0132931F0B14710042A22E /* Build configuration list for PBXNativeTarget "FoodTracker" */ = {
			isa = XCConfigurationList;
			buildConfigurations = (
				1E0132941F0B14710042A22E /* Debug */,
				1E0132951F0B14710042A22E /* Release */,
			);
			defaultConfigurationIsVisible = 0;
		};
		1E0132961F0B14710042A22E /* Build configuration list for PBXNativeTarget "FoodTrackerTests" */ = {
			isa = XCConfigurationList;
			buildConfigurations = (
				1E0132971F0B14710042A22E /* Debug */,
				1E0132981F0B14710042A22E /* Release */,
			);
			defaultConfigurationIsVisible = 0;
		};
/* End XCConfigurationList section */
	};
	rootObject = 1E01326E1F0B14700042A22E /* Project object */;
}
