// !$*UTF8*$!
{
	archiveVersion = 1;
	classes = {
	};
	objectVersion = 46;
	objects = {

/* Begin PBXBuildFile section */
		1E15E7101E79C5D30045F7DA /* AppDelegate.swift in Sources */ = {isa = PBXBuildFile; fileRef = 1E15E70F1E79C5D30045F7DA /* AppDelegate.swift */; };
		1E15E7121E79C5D30045F7DA /* ViewController.swift in Sources */ = {isa = PBXBuildFile; fileRef = 1E15E7111E79C5D30045F7DA /* ViewController.swift */; };
		1E15E7151E79C5D30045F7DA /* Main.storyboard in Resources */ = {isa = PBXBuildFile; fileRef = 1E15E7131E79C5D30045F7DA /* Main.storyboard */; };
		1E15E7171E79C5D30045F7DA /* Assets.xcassets in Resources */ = {isa = PBXBuildFile; fileRef = 1E15E7161E79C5D30045F7DA /* Assets.xcassets */; };
		1E15E71A1E79C5D30045F7DA /* LaunchScreen.storyboard in Resources */ = {isa = PBXBuildFile; fileRef = 1E15E7181E79C5D30045F7DA /* LaunchScreen.storyboard */; };
		1E15E7251E79C5D30045F7DA /* FoodTrackerTests.swift in Sources */ = {isa = PBXBuildFile; fileRef = 1E15E7241E79C5D30045F7DA /* FoodTrackerTests.swift */; };
/* End PBXBuildFile section */

/* Begin PBXContainerItemProxy section */
		1E15E7211E79C5D30045F7DA /* PBXContainerItemProxy */ = {
			isa = PBXContainerItemProxy;
			containerPortal = 1E15E7041E79C5D20045F7DA /* Project object */;
			proxyType = 1;
			remoteGlobalIDString = 1E15E70B1E79C5D20045F7DA;
			remoteInfo = FoodTracker;
		};
/* End PBXContainerItemProxy section */

/* Begin PBXFileReference section */
		1E15E70C1E79C5D30045F7DA /* FoodTracker.app */ = {isa = PBXFileReference; explicitFileType = wrapper.application; includeInIndex = 0; path = FoodTracker.app; sourceTree = BUILT_PRODUCTS_DIR; };
		1E15E70F1E79C5D30045F7DA /* AppDelegate.swift */ = {isa = PBXFileReference; lastKnownFileType = sourcecode.swift; path = AppDelegate.swift; sourceTree = "<group>"; };
		1E15E7111E79C5D30045F7DA /* ViewController.swift */ = {isa = PBXFileReference; lastKnownFileType = sourcecode.swift; path = ViewController.swift; sourceTree = "<group>"; };
		1E15E7141E79C5D30045F7DA /* Base */ = {isa = PBXFileReference; lastKnownFileType = file.storyboard; name = Base; path = Base.lproj/Main.storyboard; sourceTree = "<group>"; };
		1E15E7161E79C5D30045F7DA /* Assets.xcassets */ = {isa = PBXFileReference; lastKnownFileType = folder.assetcatalog; path = Assets.xcassets; sourceTree = "<group>"; };
		1E15E7191E79C5D30045F7DA /* Base */ = {isa = PBXFileReference; lastKnownFileType = file.storyboard; name = Base; path = Base.lproj/LaunchScreen.storyboard; sourceTree = "<group>"; };
		1E15E71B1E79C5D30045F7DA /* Info.plist */ = {isa = PBXFileReference; lastKnownFileType = text.plist.xml; path = Info.plist; sourceTree = "<group>"; };
		1E15E7201E79C5D30045F7DA /* FoodTrackerTests.xctest */ = {isa = PBXFileReference; explicitFileType = wrapper.cfbundle; includeInIndex = 0; path = FoodTrackerTests.xctest; sourceTree = BUILT_PRODUCTS_DIR; };
		1E15E7241E79C5D30045F7DA /* FoodTrackerTests.swift */ = {isa = PBXFileReference; lastKnownFileType = sourcecode.swift; path = FoodTrackerTests.swift; sourceTree = "<group>"; };
		1E15E7261E79C5D30045F7DA /* Info.plist */ = {isa = PBXFileReference; lastKnownFileType = text.plist.xml; path = Info.plist; sourceTree = "<group>"; };
/* End PBXFileReference section */

/* Begin PBXFrameworksBuildPhase section */
		1E15E7091E79C5D20045F7DA /* Frameworks */ = {
			isa = PBXFrameworksBuildPhase;
			buildActionMask = 2147483647;
			files = (
			);
			runOnlyForDeploymentPostprocessing = 0;
		};
		1E15E71D1E79C5D30045F7DA /* Frameworks */ = {
			isa = PBXFrameworksBuildPhase;
			buildActionMask = 2147483647;
			files = (
			);
			runOnlyForDeploymentPostprocessing = 0;
		};
/* End PBXFrameworksBuildPhase section */

/* Begin PBXGroup section */
		1E15E7031E79C5D20045F7DA = {
			isa = PBXGroup;
			children = (
				1E15E70E1E79C5D30045F7DA /* FoodTracker */,
				1E15E7231E79C5D30045F7DA /* FoodTrackerTests */,
				1E15E70D1E79C5D30045F7DA /* Products */,
			);
			sourceTree = "<group>";
		};
		1E15E70D1E79C5D30045F7DA /* Products */ = {
			isa = PBXGroup;
			children = (
				1E15E70C1E79C5D30045F7DA /* FoodTracker.app */,
				1E15E7201E79C5D30045F7DA /* FoodTrackerTests.xctest */,
			);
			name = Products;
			sourceTree = "<group>";
		};
		1E15E70E1E79C5D30045F7DA /* FoodTracker */ = {
			isa = PBXGroup;
			children = (
				1E15E70F1E79C5D30045F7DA /* AppDelegate.swift */,
				1E15E7111E79C5D30045F7DA /* ViewController.swift */,
				1E15E7131E79C5D30045F7DA /* Main.storyboard */,
				1E15E7161E79C5D30045F7DA /* Assets.xcassets */,
				1E15E7181E79C5D30045F7DA /* LaunchScreen.storyboard */,
				1E15E71B1E79C5D30045F7DA /* Info.plist */,
			);
			path = FoodTracker;
			sourceTree = "<group>";
		};
		1E15E7231E79C5D30045F7DA /* FoodTrackerTests */ = {
			isa = PBXGroup;
			children = (
				1E15E7241E79C5D30045F7DA /* FoodTrackerTests.swift */,
				1E15E7261E79C5D30045F7DA /* Info.plist */,
			);
			path = FoodTrackerTests;
			sourceTree = "<group>";
		};
/* End PBXGroup section */

/* Begin PBXNativeTarget section */
		1E15E70B1E79C5D20045F7DA /* FoodTracker */ = {
			isa = PBXNativeTarget;
			buildConfigurationList = 1E15E7291E79C5D30045F7DA /* Build configuration list for PBXNativeTarget "FoodTracker" */;
			buildPhases = (
				1E15E7081E79C5D20045F7DA /* Sources */,
				1E15E7091E79C5D20045F7DA /* Frameworks */,
				1E15E70A1E79C5D20045F7DA /* Resources */,
			);
			buildRules = (
			);
			dependencies = (
			);
			name = FoodTracker;
			productName = FoodTracker;
			productReference = 1E15E70C1E79C5D30045F7DA /* FoodTracker.app */;
			productType = "com.apple.product-type.application";
		};
		1E15E71F1E79C5D30045F7DA /* FoodTrackerTests */ = {
			isa = PBXNativeTarget;
			buildConfigurationList = 1E15E72C1E79C5D30045F7DA /* Build configuration list for PBXNativeTarget "FoodTrackerTests" */;
			buildPhases = (
				1E15E71C1E79C5D30045F7DA /* Sources */,
				1E15E71D1E79C5D30045F7DA /* Frameworks */,
				1E15E71E1E79C5D30045F7DA /* Resources */,
			);
			buildRules = (
			);
			dependencies = (
				1E15E7221E79C5D30045F7DA /* PBXTargetDependency */,
			);
			name = FoodTrackerTests;
			productName = FoodTrackerTests;
			productReference = 1E15E7201E79C5D30045F7DA /* FoodTrackerTests.xctest */;
			productType = "com.apple.product-type.bundle.unit-test";
		};
/* End PBXNativeTarget section */

/* Begin PBXProject section */
		1E15E7041E79C5D20045F7DA /* Project object */ = {
			isa = PBXProject;
			attributes = {
				LastSwiftUpdateCheck = 0820;
				LastUpgradeCheck = 0820;
				ORGANIZATIONNAME = slauriano;
				TargetAttributes = {
					1E15E70B1E79C5D20045F7DA = {
						CreatedOnToolsVersion = 8.2.1;
						DevelopmentTeam = CAVDD875S5;
						ProvisioningStyle = Automatic;
					};
					1E15E71F1E79C5D30045F7DA = {
						CreatedOnToolsVersion = 8.2.1;
						DevelopmentTeam = CAVDD875S5;
						ProvisioningStyle = Automatic;
						TestTargetID = 1E15E70B1E79C5D20045F7DA;
					};
				};
			};
			buildConfigurationList = 1E15E7071E79C5D20045F7DA /* Build configuration list for PBXProject "FoodTracker" */;
			compatibilityVersion = "Xcode 3.2";
			developmentRegion = English;
			hasScannedForEncodings = 0;
			knownRegions = (
				en,
				Base,
			);
			mainGroup = 1E15E7031E79C5D20045F7DA;
			productRefGroup = 1E15E70D1E79C5D30045F7DA /* Products */;
			projectDirPath = "";
			projectRoot = "";
			targets = (
				1E15E70B1E79C5D20045F7DA /* FoodTracker */,
				1E15E71F1E79C5D30045F7DA /* FoodTrackerTests */,
			);
		};
/* End PBXProject section */

/* Begin PBXResourcesBuildPhase section */
		1E15E70A1E79C5D20045F7DA /* Resources */ = {
			isa = PBXResourcesBuildPhase;
			buildActionMask = 2147483647;
			files = (
				1E15E71A1E79C5D30045F7DA /* LaunchScreen.storyboard in Resources */,
				1E15E7171E79C5D30045F7DA /* Assets.xcassets in Resources */,
				1E15E7151E79C5D30045F7DA /* Main.storyboard in Resources */,
			);
			runOnlyForDeploymentPostprocessing = 0;
		};
		1E15E71E1E79C5D30045F7DA /* Resources */ = {
			isa = PBXResourcesBuildPhase;
			buildActionMask = 2147483647;
			files = (
			);
			runOnlyForDeploymentPostprocessing = 0;
		};
/* End PBXResourcesBuildPhase section */

/* Begin PBXSourcesBuildPhase section */
		1E15E7081E79C5D20045F7DA /* Sources */ = {
			isa = PBXSourcesBuildPhase;
			buildActionMask = 2147483647;
			files = (
				1E15E7121E79C5D30045F7DA /* ViewController.swift in Sources */,
				1E15E7101E79C5D30045F7DA /* AppDelegate.swift in Sources */,
			);
			runOnlyForDeploymentPostprocessing = 0;
		};
		1E15E71C1E79C5D30045F7DA /* Sources */ = {
			isa = PBXSourcesBuildPhase;
			buildActionMask = 2147483647;
			files = (
				1E15E7251E79C5D30045F7DA /* FoodTrackerTests.swift in Sources */,
			);
			runOnlyForDeploymentPostprocessing = 0;
		};
/* End PBXSourcesBuildPhase section */

/* Begin PBXTargetDependency section */
		1E15E7221E79C5D30045F7DA /* PBXTargetDependency */ = {
			isa = PBXTargetDependency;
			target = 1E15E70B1E79C5D20045F7DA /* FoodTracker */;
			targetProxy = 1E15E7211E79C5D30045F7DA /* PBXContainerItemProxy */;
		};
/* End PBXTargetDependency section */

/* Begin PBXVariantGroup section */
		1E15E7131E79C5D30045F7DA /* Main.storyboard */ = {
			isa = PBXVariantGroup;
			children = (
				1E15E7141E79C5D30045F7DA /* Base */,
			);
			name = Main.storyboard;
			sourceTree = "<group>";
		};
		1E15E7181E79C5D30045F7DA /* LaunchScreen.storyboard */ = {
			isa = PBXVariantGroup;
			children = (
				1E15E7191E79C5D30045F7DA /* Base */,
			);
			name = LaunchScreen.storyboard;
			sourceTree = "<group>";
		};
/* End PBXVariantGroup section */

/* Begin XCBuildConfiguration section */
		1E15E7271E79C5D30045F7DA /* Debug */ = {
			isa = XCBuildConfiguration;
			buildSettings = {
				ALWAYS_SEARCH_USER_PATHS = NO;
				CLANG_ANALYZER_NONNULL = YES;
				CLANG_CXX_LANGUAGE_STANDARD = "gnu++0x";
				CLANG_CXX_LIBRARY = "libc++";
				CLANG_ENABLE_MODULES = YES;
				CLANG_ENABLE_OBJC_ARC = YES;
				CLANG_WARN_BOOL_CONVERSION = YES;
				CLANG_WARN_CONSTANT_CONVERSION = YES;
				CLANG_WARN_DIRECT_OBJC_ISA_USAGE = YES_ERROR;
				CLANG_WARN_DOCUMENTATION_COMMENTS = YES;
				CLANG_WARN_EMPTY_BODY = YES;
				CLANG_WARN_ENUM_CONVERSION = YES;
				CLANG_WARN_INFINITE_RECURSION = YES;
				CLANG_WARN_INT_CONVERSION = YES;
				CLANG_WARN_OBJC_ROOT_CLASS = YES_ERROR;
				CLANG_WARN_SUSPICIOUS_MOVE = YES;
				CLANG_WARN_UNREACHABLE_CODE = YES;
				CLANG_WARN__DUPLICATE_METHOD_MATCH = YES;
				"CODE_SIGN_IDENTITY[sdk=iphoneos*]" = "iPhone Developer";
				COPY_PHASE_STRIP = NO;
				DEBUG_INFORMATION_FORMAT = dwarf;
				ENABLE_STRICT_OBJC_MSGSEND = YES;
				ENABLE_TESTABILITY = YES;
				GCC_C_LANGUAGE_STANDARD = gnu99;
				GCC_DYNAMIC_NO_PIC = NO;
				GCC_NO_COMMON_BLOCKS = YES;
				GCC_OPTIMIZATION_LEVEL = 0;
				GCC_PREPROCESSOR_DEFINITIONS = (
					"DEBUG=1",
					"$(inherited)",
				);
				GCC_WARN_64_TO_32_BIT_CONVERSION = YES;
				GCC_WARN_ABOUT_RETURN_TYPE = YES_ERROR;
				GCC_WARN_UNDECLARED_SELECTOR = YES;
				GCC_WARN_UNINITIALIZED_AUTOS = YES_AGGRESSIVE;
				GCC_WARN_UNUSED_FUNCTION = YES;
				GCC_WARN_UNUSED_VARIABLE = YES;
				IPHONEOS_DEPLOYMENT_TARGET = 10.2;
				MTL_ENABLE_DEBUG_INFO = YES;
				ONLY_ACTIVE_ARCH = YES;
				SDKROOT = iphoneos;
				SWIFT_ACTIVE_COMPILATION_CONDITIONS = DEBUG;
				SWIFT_OPTIMIZATION_LEVEL = "-Onone";
				TARGETED_DEVICE_FAMILY = "1,2";
			};
			name = Debug;
		};
		1E15E7281E79C5D30045F7DA /* Release */ = {
			isa = XCBuildConfiguration;
			buildSettings = {
				ALWAYS_SEARCH_USER_PATHS = NO;
				CLANG_ANALYZER_NONNULL = YES;
				CLANG_CXX_LANGUAGE_STANDARD = "gnu++0x";
				CLANG_CXX_LIBRARY = "libc++";
				CLANG_ENABLE_MODULES = YES;
				CLANG_ENABLE_OBJC_ARC = YES;
				CLANG_WARN_BOOL_CONVERSION = YES;
				CLANG_WARN_CONSTANT_CONVERSION = YES;
				CLANG_WARN_DIRECT_OBJC_ISA_USAGE = YES_ERROR;
				CLANG_WARN_DOCUMENTATION_COMMENTS = YES;
				CLANG_WARN_EMPTY_BODY = YES;
				CLANG_WARN_ENUM_CONVERSION = YES;
				CLANG_WARN_INFINITE_RECURSION = YES;
				CLANG_WARN_INT_CONVERSION = YES;
				CLANG_WARN_OBJC_ROOT_CLASS = YES_ERROR;
				CLANG_WARN_SUSPICIOUS_MOVE = YES;
				CLANG_WARN_UNREACHABLE_CODE = YES;
				CLANG_WARN__DUPLICATE_METHOD_MATCH = YES;
				"CODE_SIGN_IDENTITY[sdk=iphoneos*]" = "iPhone Developer";
				COPY_PHASE_STRIP = NO;
				DEBUG_INFORMATION_FORMAT = "dwarf-with-dsym";
				ENABLE_NS_ASSERTIONS = NO;
				ENABLE_STRICT_OBJC_MSGSEND = YES;
				GCC_C_LANGUAGE_STANDARD = gnu99;
				GCC_NO_COMMON_BLOCKS = YES;
				GCC_WARN_64_TO_32_BIT_CONVERSION = YES;
				GCC_WARN_ABOUT_RETURN_TYPE = YES_ERROR;
				GCC_WARN_UNDECLARED_SELECTOR = YES;
				GCC_WARN_UNINITIALIZED_AUTOS = YES_AGGRESSIVE;
				GCC_WARN_UNUSED_FUNCTION = YES;
				GCC_WARN_UNUSED_VARIABLE = YES;
				IPHONEOS_DEPLOYMENT_TARGET = 10.2;
				MTL_ENABLE_DEBUG_INFO = NO;
				SDKROOT = iphoneos;
				SWIFT_OPTIMIZATION_LEVEL = "-Owholemodule";
				TARGETED_DEVICE_FAMILY = "1,2";
				VALIDATE_PRODUCT = YES;
			};
			name = Release;
		};
		1E15E72A1E79C5D30045F7DA /* Debug */ = {
			isa = XCBuildConfiguration;
			buildSettings = {
				ASSETCATALOG_COMPILER_APPICON_NAME = AppIcon;
				DEVELOPMENT_TEAM = CAVDD875S5;
				INFOPLIST_FILE = FoodTracker/Info.plist;
				LD_RUNPATH_SEARCH_PATHS = "$(inherited) @executable_path/Frameworks";
				PRODUCT_BUNDLE_IDENTIFIER = br.com.sladev.FoodTracker;
				PRODUCT_NAME = "$(TARGET_NAME)";
				SWIFT_VERSION = 3.0;
			};
			name = Debug;
		};
		1E15E72B1E79C5D30045F7DA /* Release */ = {
			isa = XCBuildConfiguration;
			buildSettings = {
				ASSETCATALOG_COMPILER_APPICON_NAME = AppIcon;
				DEVELOPMENT_TEAM = CAVDD875S5;
				INFOPLIST_FILE = FoodTracker/Info.plist;
				LD_RUNPATH_SEARCH_PATHS = "$(inherited) @executable_path/Frameworks";
				PRODUCT_BUNDLE_IDENTIFIER = br.com.sladev.FoodTracker;
				PRODUCT_NAME = "$(TARGET_NAME)";
				SWIFT_VERSION = 3.0;
			};
			name = Release;
		};
		1E15E72D1E79C5D30045F7DA /* Debug */ = {
			isa = XCBuildConfiguration;
			buildSettings = {
				ALWAYS_EMBED_SWIFT_STANDARD_LIBRARIES = YES;
				BUNDLE_LOADER = "$(TEST_HOST)";
				DEVELOPMENT_TEAM = CAVDD875S5;
				INFOPLIST_FILE = FoodTrackerTests/Info.plist;
				LD_RUNPATH_SEARCH_PATHS = "$(inherited) @executable_path/Frameworks @loader_path/Frameworks";
				PRODUCT_BUNDLE_IDENTIFIER = br.com.sladev.FoodTrackerTests;
				PRODUCT_NAME = "$(TARGET_NAME)";
				SWIFT_VERSION = 3.0;
				TEST_HOST = "$(BUILT_PRODUCTS_DIR)/FoodTracker.app/FoodTracker";
			};
			name = Debug;
		};
		1E15E72E1E79C5D30045F7DA /* Release */ = {
			isa = XCBuildConfiguration;
			buildSettings = {
				ALWAYS_EMBED_SWIFT_STANDARD_LIBRARIES = YES;
				BUNDLE_LOADER = "$(TEST_HOST)";
				DEVELOPMENT_TEAM = CAVDD875S5;
				INFOPLIST_FILE = FoodTrackerTests/Info.plist;
				LD_RUNPATH_SEARCH_PATHS = "$(inherited) @executable_path/Frameworks @loader_path/Frameworks";
				PRODUCT_BUNDLE_IDENTIFIER = br.com.sladev.FoodTrackerTests;
				PRODUCT_NAME = "$(TARGET_NAME)";
				SWIFT_VERSION = 3.0;
				TEST_HOST = "$(BUILT_PRODUCTS_DIR)/FoodTracker.app/FoodTracker";
			};
			name = Release;
		};
/* End XCBuildConfiguration section */

/* Begin XCConfigurationList section */
		1E15E7071E79C5D20045F7DA /* Build configuration list for PBXProject "FoodTracker" */ = {
			isa = XCConfigurationList;
			buildConfigurations = (
				1E15E7271E79C5D30045F7DA /* Debug */,
				1E15E7281E79C5D30045F7DA /* Release */,
			);
			defaultConfigurationIsVisible = 0;
			defaultConfigurationName = Release;
		};
		1E15E7291E79C5D30045F7DA /* Build configuration list for PBXNativeTarget "FoodTracker" */ = {
			isa = XCConfigurationList;
			buildConfigurations = (
				1E15E72A1E79C5D30045F7DA /* Debug */,
				1E15E72B1E79C5D30045F7DA /* Release */,
			);
			defaultConfigurationIsVisible = 0;
		};
		1E15E72C1E79C5D30045F7DA /* Build configuration list for PBXNativeTarget "FoodTrackerTests" */ = {
			isa = XCConfigurationList;
			buildConfigurations = (
				1E15E72D1E79C5D30045F7DA /* Debug */,
				1E15E72E1E79C5D30045F7DA /* Release */,
			);
			defaultConfigurationIsVisible = 0;
		};
/* End XCConfigurationList section */
	};
	rootObject = 1E15E7041E79C5D20045F7DA /* Project object */;
}
